
Microsoft Visual Studio Solution File, Format Version 12.00
# Visual Studio Version 17
VisualStudioVersion = 17.4.33110.190
MinimumVisualStudioVersion = 10.0.40219.1
Project("{9A19103F-16F7-4668-BE54-9A1E7A4F7556}") = "ConsoleUI", "ConsoleUI.csproj", "{9EF6FAD7-33C5-4B1F-B64D-8F7F90B34254}"
EndProject
Global
	GlobalSection(SolutionConfigurationPlatforms) = preSolution
		Debug|Any CPU = Debug|Any CPU
		Release|Any CPU = Release|Any CPU
	EndGlobalSection
	GlobalSection(ProjectConfigurationPlatforms) = postSolution
		{9EF6FAD7-33C5-4B1F-B64D-8F7F90B34254}.Debug|Any CPU.ActiveCfg = Debug|Any CPU
		{9EF6FAD7-33C5-4B1F-B64D-8F7F90B34254}.Debug|Any CPU.Build.0 = Debug|Any CPU
		{9EF6FAD7-33C5-4B1F-B64D-8F7F90B34254}.Release|Any CPU.ActiveCfg = Release|Any CPU
		{9EF6FAD7-33C5-4B1F-B64D-8F7F90B34254}.Release|Any CPU.Build.0 = Release|Any CPU
	EndGlobalSection
	GlobalSection(SolutionProperties) = preSolution
		HideSolutionNode = FALSE
	EndGlobalSection
	GlobalSection(ExtensibilityGlobals) = postSolution
		SolutionGuid = {8782FAF5-0D20-4692-B36F-D01AD5D7F224}
	EndGlobalSection
EndGlobal
